// !$*UTF8*$!
{
	archiveVersion = 1;
	classes = {
	};
	objectVersion = 48;
	objects = {

/* Begin PBXBuildFile section */
		80F38EC31F21199F0012F056 /* AppDelegate.swift in Sources */ = {isa = PBXBuildFile; fileRef = 80F38EC21F21199F0012F056 /* AppDelegate.swift */; };
		80F38EC51F21199F0012F056 /* ViewController.swift in Sources */ = {isa = PBXBuildFile; fileRef = 80F38EC41F21199F0012F056 /* ViewController.swift */; };
		80F38EC81F21199F0012F056 /* Main.storyboard in Resources */ = {isa = PBXBuildFile; fileRef = 80F38EC61F21199F0012F056 /* Main.storyboard */; };
		80F38ECB1F21199F0012F056 /* Object_Detection.xcdatamodeld in Sources */ = {isa = PBXBuildFile; fileRef = 80F38EC91F21199F0012F056 /* Object_Detection.xcdatamodeld */; };
		80F38ECD1F21199F0012F056 /* Assets.xcassets in Resources */ = {isa = PBXBuildFile; fileRef = 80F38ECC1F21199F0012F056 /* Assets.xcassets */; };
		80F38ED01F21199F0012F056 /* LaunchScreen.storyboard in Resources */ = {isa = PBXBuildFile; fileRef = 80F38ECE1F21199F0012F056 /* LaunchScreen.storyboard */; };
/* End PBXBuildFile section */

/* Begin PBXFileReference section */
		80F38EBF1F21199F0012F056 /* Object Detection.app */ = {isa = PBXFileReference; explicitFileType = wrapper.application; includeInIndex = 0; path = "Object Detection.app"; sourceTree = BUILT_PRODUCTS_DIR; };
		80F38EC21F21199F0012F056 /* AppDelegate.swift */ = {isa = PBXFileReference; lastKnownFileType = sourcecode.swift; path = AppDelegate.swift; sourceTree = "<group>"; };
		80F38EC41F21199F0012F056 /* ViewController.swift */ = {isa = PBXFileReference; lastKnownFileType = sourcecode.swift; path = ViewController.swift; sourceTree = "<group>"; };
		80F38EC71F21199F0012F056 /* Base */ = {isa = PBXFileReference; lastKnownFileType = file.storyboard; name = Base; path = Base.lproj/Main.storyboard; sourceTree = "<group>"; };
		80F38ECA1F21199F0012F056 /* Object_Detection.xcdatamodel */ = {isa = PBXFileReference; lastKnownFileType = wrapper.xcdatamodel; path = Object_Detection.xcdatamodel; sourceTree = "<group>"; };
		80F38ECC1F21199F0012F056 /* Assets.xcassets */ = {isa = PBXFileReference; lastKnownFileType = folder.assetcatalog; path = Assets.xcassets; sourceTree = "<group>"; };
		80F38ECF1F21199F0012F056 /* Base */ = {isa = PBXFileReference; lastKnownFileType = file.storyboard; name = Base; path = Base.lproj/LaunchScreen.storyboard; sourceTree = "<group>"; };
		80F38ED11F21199F0012F056 /* Info.plist */ = {isa = PBXFileReference; lastKnownFileType = text.plist.xml; path = Info.plist; sourceTree = "<group>"; };
/* End PBXFileReference section */

/* Begin PBXFrameworksBuildPhase section */
		80F38EBC1F21199F0012F056 /* Frameworks */ = {
			isa = PBXFrameworksBuildPhase;
			buildActionMask = 2147483647;
			files = (
			);
			runOnlyForDeploymentPostprocessing = 0;
		};
/* End PBXFrameworksBuildPhase section */

/* Begin PBXGroup section */
		80F38EB61F21199F0012F056 = {
			isa = PBXGroup;
			children = (
				80F38EC11F21199F0012F056 /* Object Detection */,
				80F38EC01F21199F0012F056 /* Products */,
			);
			sourceTree = "<group>";
		};
		80F38EC01F21199F0012F056 /* Products */ = {
			isa = PBXGroup;
			children = (
				80F38EBF1F21199F0012F056 /* Object Detection.app */,
			);
			name = Products;
			sourceTree = "<group>";
		};
		80F38EC11F21199F0012F056 /* Object Detection */ = {
			isa = PBXGroup;
			children = (
				80F38EC21F21199F0012F056 /* AppDelegate.swift */,
				80F38EC41F21199F0012F056 /* ViewController.swift */,
				80F38EC61F21199F0012F056 /* Main.storyboard */,
				80F38ECC1F21199F0012F056 /* Assets.xcassets */,
				80F38ECE1F21199F0012F056 /* LaunchScreen.storyboard */,
				80F38ED11F21199F0012F056 /* Info.plist */,
				80F38EC91F21199F0012F056 /* Object_Detection.xcdatamodeld */,
			);
			path = "Object Detection";
			sourceTree = "<group>";
		};
/* End PBXGroup section */

/* Begin PBXNativeTarget section */
		80F38EBE1F21199F0012F056 /* Object Detection */ = {
			isa = PBXNativeTarget;
			buildConfigurationList = 80F38ED41F21199F0012F056 /* Build configuration list for PBXNativeTarget "Object Detection" */;
			buildPhases = (
				80F38EBB1F21199F0012F056 /* Sources */,
				80F38EBC1F21199F0012F056 /* Frameworks */,
				80F38EBD1F21199F0012F056 /* Resources */,
			);
			buildRules = (
			);
			dependencies = (
			);
			name = "Object Detection";
			productName = "Object Detection";
			productReference = 80F38EBF1F21199F0012F056 /* Object Detection.app */;
			productType = "com.apple.product-type.application";
		};
/* End PBXNativeTarget section */

/* Begin PBXProject section */
		80F38EB71F21199F0012F056 /* Project object */ = {
			isa = PBXProject;
			attributes = {
				LastSwiftUpdateCheck = 0900;
				LastUpgradeCheck = 0900;
				ORGANIZATIONNAME = "Vaibhav Kumar Singh";
				TargetAttributes = {
					80F38EBE1F21199F0012F056 = {
						CreatedOnToolsVersion = 9.0;
					};
				};
			};
			buildConfigurationList = 80F38EBA1F21199F0012F056 /* Build configuration list for PBXProject "Object Detection" */;
			compatibilityVersion = "Xcode 8.0";
			developmentRegion = en;
			hasScannedForEncodings = 0;
			knownRegions = (
				en,
				Base,
			);
			mainGroup = 80F38EB61F21199F0012F056;
			productRefGroup = 80F38EC01F21199F0012F056 /* Products */;
			projectDirPath = "";
			projectRoot = "";
			targets = (
				80F38EBE1F21199F0012F056 /* Object Detection */,
			);
		};
/* End PBXProject section */

/* Begin PBXResourcesBuildPhase section */
		80F38EBD1F21199F0012F056 /* Resources */ = {
			isa = PBXResourcesBuildPhase;
			buildActionMask = 2147483647;
			files = (
				80F38ED01F21199F0012F056 /* LaunchScreen.storyboard in Resources */,
				80F38ECD1F21199F0012F056 /* Assets.xcassets in Resources */,
				80F38EC81F21199F0012F056 /* Main.storyboard in Resources */,
			);
			runOnlyForDeploymentPostprocessing = 0;
		};
/* End PBXResourcesBuildPhase section */

/* Begin PBXSourcesBuildPhase section */
		80F38EBB1F21199F0012F056 /* Sources */ = {
			isa = PBXSourcesBuildPhase;
			buildActionMask = 2147483647;
			files = (
				80F38EC51F21199F0012F056 /* ViewController.swift in Sources */,
				80F38ECB1F21199F0012F056 /* Object_Detection.xcdatamodeld in Sources */,
				80F38EC31F21199F0012F056 /* AppDelegate.swift in Sources */,
			);
			runOnlyForDeploymentPostprocessing = 0;
		};
/* End PBXSourcesBuildPhase section */

/* Begin PBXVariantGroup section */
		80F38EC61F21199F0012F056 /* Main.storyboard */ = {
			isa = PBXVariantGroup;
			children = (
				80F38EC71F21199F0012F056 /* Base */,
			);
			name = Main.storyboard;
			sourceTree = "<group>";
		};
		80F38ECE1F21199F0012F056 /* LaunchScreen.storyboard */ = {
			isa = PBXVariantGroup;
			children = (
				80F38ECF1F21199F0012F056 /* Base */,
			);
			name = LaunchScreen.storyboard;
			sourceTree = "<group>";
		};
/* End PBXVariantGroup section */

/* Begin XCBuildConfiguration section */
		80F38ED21F21199F0012F056 /* Debug */ = {
			isa = XCBuildConfiguration;
			buildSettings = {
				ALWAYS_SEARCH_USER_PATHS = NO;
				CLANG_ANALYZER_NONNULL = YES;
				CLANG_ANALYZER_NUMBER_OBJECT_CONVERSION = YES_AGGRESSIVE;
				CLANG_CXX_LANGUAGE_STANDARD = "gnu++14";
				CLANG_CXX_LIBRARY = "libc++";
				CLANG_ENABLE_MODULES = YES;
				CLANG_ENABLE_OBJC_ARC = YES;
				CLANG_WARN_BLOCK_CAPTURE_AUTORELEASING = YES;
				CLANG_WARN_BOOL_CONVERSION = YES;
				CLANG_WARN_COMMA = YES;
				CLANG_WARN_CONSTANT_CONVERSION = YES;
				CLANG_WARN_DIRECT_OBJC_ISA_USAGE = YES_ERROR;
				CLANG_WARN_DOCUMENTATION_COMMENTS = YES;
				CLANG_WARN_EMPTY_BODY = YES;
				CLANG_WARN_ENUM_CONVERSION = YES;
				CLANG_WARN_INFINITE_RECURSION = YES;
				CLANG_WARN_INT_CONVERSION = YES;
				CLANG_WARN_OBJC_ROOT_CLASS = YES_ERROR;
				CLANG_WARN_RANGE_LOOP_ANALYSIS = YES;
				CLANG_WARN_STRICT_PROTOTYPES = YES;
				CLANG_WARN_SUSPICIOUS_MOVE = YES;
				CLANG_WARN_UNGUARDED_AVAILABILITY = YES_AGGRESSIVE;
				CLANG_WARN_UNREACHABLE_CODE = YES;
				CLANG_WARN__DUPLICATE_METHOD_MATCH = YES;
				CODE_SIGN_IDENTITY = "iPhone Developer";
				COPY_PHASE_STRIP = NO;
				DEBUG_INFORMATION_FORMAT = dwarf;
				ENABLE_STRICT_OBJC_MSGSEND = YES;
				ENABLE_TESTABILITY = YES;
				GCC_C_LANGUAGE_STANDARD = gnu11;
				GCC_DYNAMIC_NO_PIC = NO;
				GCC_NO_COMMON_BLOCKS = YES;
				GCC_OPTIMIZATION_LEVEL = 0;
				GCC_PREPROCESSOR_DEFINITIONS = (
					"DEBUG=1",
					"$(inherited)",
				);
				GCC_WARN_64_TO_32_BIT_CONVERSION = YES;
				GCC_WARN_ABOUT_RETURN_TYPE = YES_ERROR;
				GCC_WARN_UNDECLARED_SELECTOR = YES;
				GCC_WARN_UNINITIALIZED_AUTOS = YES_AGGRESSIVE;
				GCC_WARN_UNUSED_FUNCTION = YES;
				GCC_WARN_UNUSED_VARIABLE = YES;
				IPHONEOS_DEPLOYMENT_TARGET = 11.0;
				MTL_ENABLE_DEBUG_INFO = YES;
				ONLY_ACTIVE_ARCH = YES;
				SDKROOT = iphoneos;
				SWIFT_ACTIVE_COMPILATION_CONDITIONS = DEBUG;
				SWIFT_OPTIMIZATION_LEVEL = "-Onone";
			};
			name = Debug;
		};
		80F38ED31F21199F0012F056 /* Release */ = {
			isa = XCBuildConfiguration;
			buildSettings = {
				ALWAYS_SEARCH_USER_PATHS = NO;
				CLANG_ANALYZER_NONNULL = YES;
				CLANG_ANALYZER_NUMBER_OBJECT_CONVERSION = YES_AGGRESSIVE;
				CLANG_CXX_LANGUAGE_STANDARD = "gnu++14";
				CLANG_CXX_LIBRARY = "libc++";
				CLANG_ENABLE_MODULES = YES;
				CLANG_ENABLE_OBJC_ARC = YES;
				CLANG_WARN_BLOCK_CAPTURE_AUTORELEASING = YES;
				CLANG_WARN_BOOL_CONVERSION = YES;
				CLANG_WARN_COMMA = YES;
				CLANG_WARN_CONSTANT_CONVERSION = YES;
				CLANG_WARN_DIRECT_OBJC_ISA_USAGE = YES_ERROR;
				CLANG_WARN_DOCUMENTATION_COMMENTS = YES;
				CLANG_WARN_EMPTY_BODY = YES;
				CLANG_WARN_ENUM_CONVERSION = YES;
				CLANG_WARN_INFINITE_RECURSION = YES;
				CLANG_WARN_INT_CONVERSION = YES;
				CLANG_WARN_OBJC_ROOT_CLASS = YES_ERROR;
				CLANG_WARN_RANGE_LOOP_ANALYSIS = YES;
				CLANG_WARN_STRICT_PROTOTYPES = YES;
				CLANG_WARN_SUSPICIOUS_MOVE = YES;
				CLANG_WARN_UNGUARDED_AVAILABILITY = YES_AGGRESSIVE;
				CLANG_WARN_UNREACHABLE_CODE = YES;
				CLANG_WARN__DUPLICATE_METHOD_MATCH = YES;
				CODE_SIGN_IDENTITY = "iPhone Developer";
				COPY_PHASE_STRIP = NO;
				DEBUG_INFORMATION_FORMAT = "dwarf-with-dsym";
				ENABLE_NS_ASSERTIONS = NO;
				ENABLE_STRICT_OBJC_MSGSEND = YES;
				GCC_C_LANGUAGE_STANDARD = gnu11;
				GCC_NO_COMMON_BLOCKS = YES;
				GCC_WARN_64_TO_32_BIT_CONVERSION = YES;
				GCC_WARN_ABOUT_RETURN_TYPE = YES_ERROR;
				GCC_WARN_UNDECLARED_SELECTOR = YES;
				GCC_WARN_UNINITIALIZED_AUTOS = YES_AGGRESSIVE;
				GCC_WARN_UNUSED_FUNCTION = YES;
				GCC_WARN_UNUSED_VARIABLE = YES;
				IPHONEOS_DEPLOYMENT_TARGET = 11.0;
				MTL_ENABLE_DEBUG_INFO = NO;
				SDKROOT = iphoneos;
				SWIFT_OPTIMIZATION_LEVEL = "-Owholemodule";
				VALIDATE_PRODUCT = YES;
			};
			name = Release;
		};
		80F38ED51F21199F0012F056 /* Debug */ = {
			isa = XCBuildConfiguration;
			buildSettings = {
				ASSETCATALOG_COMPILER_APPICON_NAME = AppIcon;
				INFOPLIST_FILE = "Object Detection/Info.plist";
				LD_RUNPATH_SEARCH_PATHS = "$(inherited) @executable_path/Frameworks";
				PRODUCT_BUNDLE_IDENTIFIER = "vaibhav.Object-Detection";
				PRODUCT_NAME = "$(TARGET_NAME)";
				SWIFT_VERSION = 4.0;
				TARGETED_DEVICE_FAMILY = "1,2";
			};
			name = Debug;
		};
		80F38ED61F21199F0012F056 /* Release */ = {
			isa = XCBuildConfiguration;
			buildSettings = {
				ASSETCATALOG_COMPILER_APPICON_NAME = AppIcon;
				INFOPLIST_FILE = "Object Detection/Info.plist";
				LD_RUNPATH_SEARCH_PATHS = "$(inherited) @executable_path/Frameworks";
				PRODUCT_BUNDLE_IDENTIFIER = "vaibhav.Object-Detection";
				PRODUCT_NAME = "$(TARGET_NAME)";
				SWIFT_VERSION = 4.0;
				TARGETED_DEVICE_FAMILY = "1,2";
			};
			name = Release;
		};
/* End XCBuildConfiguration section */

/* Begin XCConfigurationList section */
		80F38EBA1F21199F0012F056 /* Build configuration list for PBXProject "Object Detection" */ = {
			isa = XCConfigurationList;
			buildConfigurations = (
				80F38ED21F21199F0012F056 /* Debug */,
				80F38ED31F21199F0012F056 /* Release */,
			);
			defaultConfigurationIsVisible = 0;
			defaultConfigurationName = Release;
		};
		80F38ED41F21199F0012F056 /* Build configuration list for PBXNativeTarget "Object Detection" */ = {
			isa = XCConfigurationList;
			buildConfigurations = (
				80F38ED51F21199F0012F056 /* Debug */,
				80F38ED61F21199F0012F056 /* Release */,
			);
			defaultConfigurationIsVisible = 0;
		};
/* End XCConfigurationList section */

/* Begin XCVersionGroup section */
		80F38EC91F21199F0012F056 /* Object_Detection.xcdatamodeld */ = {
			isa = XCVersionGroup;
			children = (
				80F38ECA1F21199F0012F056 /* Object_Detection.xcdatamodel */,
			);
			currentVersion = 80F38ECA1F21199F0012F056 /* Object_Detection.xcdatamodel */;
			path = Object_Detection.xcdatamodeld;
			sourceTree = "<group>";
			versionGroupType = wrapper.xcdatamodel;
		};
/* End XCVersionGroup section */
	};
	rootObject = 80F38EB71F21199F0012F056 /* Project object */;
}
